// !$*UTF8*$!
{
	archiveVersion = 1;
	classes = {
	};
	objectVersion = 46;
	objects = {

/* Begin PBXBuildFile section */
		875EC9A51A296F9C00F194E2 /* PersistentStack.m in Sources */ = {isa = PBXBuildFile; fileRef = 875EC9A41A296F9C00F194E2 /* PersistentStack.m */; };
		875EC9A81A2A098A00F194E2 /* FetchedResultsControllerDataSource.m in Sources */ = {isa = PBXBuildFile; fileRef = 875EC9A71A2A098A00F194E2 /* FetchedResultsControllerDataSource.m */; };
		875EC9AE1A2A169700F194E2 /* Store.m in Sources */ = {isa = PBXBuildFile; fileRef = 875EC9AD1A2A169700F194E2 /* Store.m */; };
		875EC9B51A2B4C6A00F194E2 /* Task+Management.m in Sources */ = {isa = PBXBuildFile; fileRef = 875EC9B41A2B4C6A00F194E2 /* Task+Management.m */; };
		87B7D50F1A390A4100505365 /* TaskCheckBoxView.m in Sources */ = {isa = PBXBuildFile; fileRef = 87B7D50E1A390A4100505365 /* TaskCheckBoxView.m */; };
		87B7D5121A390DD000505365 /* TaskTableViewCell.m in Sources */ = {isa = PBXBuildFile; fileRef = 87B7D5111A390DD000505365 /* TaskTableViewCell.m */; };
		87BD91431A3C5ED6008A6664 /* Task.m in Sources */ = {isa = PBXBuildFile; fileRef = 87BD91421A3C5ED6008A6664 /* Task.m */; };
		87C803771A2EA4380010DCB4 /* FadeMessageView.m in Sources */ = {isa = PBXBuildFile; fileRef = 87C803761A2EA4380010DCB4 /* FadeMessageView.m */; };
		87E126311A4264DD00742FF6 /* PaddingLabel.m in Sources */ = {isa = PBXBuildFile; fileRef = 87E126301A4264DD00742FF6 /* PaddingLabel.m */; };
		87EB34151A256EA600883FF8 /* main.m in Sources */ = {isa = PBXBuildFile; fileRef = 87EB34141A256EA600883FF8 /* main.m */; };
		87EB34181A256EA600883FF8 /* AppDelegate.m in Sources */ = {isa = PBXBuildFile; fileRef = 87EB34171A256EA600883FF8 /* AppDelegate.m */; };
		87EB341B1A256EA700883FF8 /* DailyTaskManager.xcdatamodeld in Sources */ = {isa = PBXBuildFile; fileRef = 87EB34191A256EA700883FF8 /* DailyTaskManager.xcdatamodeld */; };
		87EB34211A256EA700883FF8 /* Main.storyboard in Resources */ = {isa = PBXBuildFile; fileRef = 87EB341F1A256EA700883FF8 /* Main.storyboard */; };
		87EB34231A256EA700883FF8 /* Images.xcassets in Resources */ = {isa = PBXBuildFile; fileRef = 87EB34221A256EA700883FF8 /* Images.xcassets */; };
		87EB34261A256EA700883FF8 /* LaunchScreen.xib in Resources */ = {isa = PBXBuildFile; fileRef = 87EB34241A256EA700883FF8 /* LaunchScreen.xib */; };
		87EB34321A256EA700883FF8 /* DailyTaskManagerTests.m in Sources */ = {isa = PBXBuildFile; fileRef = 87EB34311A256EA700883FF8 /* DailyTaskManagerTests.m */; };
		87EB343D1A2570CF00883FF8 /* TaskListTableViewController.m in Sources */ = {isa = PBXBuildFile; fileRef = 87EB343C1A2570CF00883FF8 /* TaskListTableViewController.m */; };
		87EB34471A25740400883FF8 /* ArrayDataSource.m in Sources */ = {isa = PBXBuildFile; fileRef = 87EB34461A25740400883FF8 /* ArrayDataSource.m */; };
		87EB34531A26BFEB00883FF8 /* TaskDetailTableViewController.m in Sources */ = {isa = PBXBuildFile; fileRef = 87EB34521A26BFEB00883FF8 /* TaskDetailTableViewController.m */; };
/* End PBXBuildFile section */

/* Begin PBXContainerItemProxy section */
		87EB342C1A256EA700883FF8 /* PBXContainerItemProxy */ = {
			isa = PBXContainerItemProxy;
			containerPortal = 87EB34071A256EA600883FF8 /* Project object */;
			proxyType = 1;
			remoteGlobalIDString = 87EB340E1A256EA600883FF8;
			remoteInfo = DailyTaskManager;
		};
/* End PBXContainerItemProxy section */

/* Begin PBXFileReference section */
		875EC9A31A296F9C00F194E2 /* PersistentStack.h */ = {isa = PBXFileReference; fileEncoding = 4; lastKnownFileType = sourcecode.c.h; path = PersistentStack.h; sourceTree = "<group>"; };
		875EC9A41A296F9C00F194E2 /* PersistentStack.m */ = {isa = PBXFileReference; fileEncoding = 4; lastKnownFileType = sourcecode.c.objc; path = PersistentStack.m; sourceTree = "<group>"; };
		875EC9A61A2A098A00F194E2 /* FetchedResultsControllerDataSource.h */ = {isa = PBXFileReference; fileEncoding = 4; lastKnownFileType = sourcecode.c.h; path = FetchedResultsControllerDataSource.h; sourceTree = "<group>"; };
		875EC9A71A2A098A00F194E2 /* FetchedResultsControllerDataSource.m */ = {isa = PBXFileReference; fileEncoding = 4; lastKnownFileType = sourcecode.c.objc; path = FetchedResultsControllerDataSource.m; sourceTree = "<group>"; };
		875EC9AC1A2A169700F194E2 /* Store.h */ = {isa = PBXFileReference; fileEncoding = 4; lastKnownFileType = sourcecode.c.h; path = Store.h; sourceTree = "<group>"; };
		875EC9AD1A2A169700F194E2 /* Store.m */ = {isa = PBXFileReference; fileEncoding = 4; lastKnownFileType = sourcecode.c.objc; path = Store.m; sourceTree = "<group>"; };
		875EC9B31A2B4C6A00F194E2 /* Task+Management.h */ = {isa = PBXFileReference; fileEncoding = 4; lastKnownFileType = sourcecode.c.h; path = "Task+Management.h"; sourceTree = "<group>"; };
		875EC9B41A2B4C6A00F194E2 /* Task+Management.m */ = {isa = PBXFileReference; fileEncoding = 4; lastKnownFileType = sourcecode.c.objc; path = "Task+Management.m"; sourceTree = "<group>"; };
		87B7D50D1A390A4100505365 /* TaskCheckBoxView.h */ = {isa = PBXFileReference; fileEncoding = 4; lastKnownFileType = sourcecode.c.h; path = TaskCheckBoxView.h; sourceTree = "<group>"; };
		87B7D50E1A390A4100505365 /* TaskCheckBoxView.m */ = {isa = PBXFileReference; fileEncoding = 4; lastKnownFileType = sourcecode.c.objc; path = TaskCheckBoxView.m; sourceTree = "<group>"; };
		87B7D5101A390DD000505365 /* TaskTableViewCell.h */ = {isa = PBXFileReference; fileEncoding = 4; lastKnownFileType = sourcecode.c.h; path = TaskTableViewCell.h; sourceTree = "<group>"; };
		87B7D5111A390DD000505365 /* TaskTableViewCell.m */ = {isa = PBXFileReference; fileEncoding = 4; lastKnownFileType = sourcecode.c.objc; path = TaskTableViewCell.m; sourceTree = "<group>"; };
		87BD91411A3C5ED6008A6664 /* Task.h */ = {isa = PBXFileReference; fileEncoding = 4; lastKnownFileType = sourcecode.c.h; name = Task.h; path = ../Task.h; sourceTree = "<group>"; };
		87BD91421A3C5ED6008A6664 /* Task.m */ = {isa = PBXFileReference; fileEncoding = 4; lastKnownFileType = sourcecode.c.objc; name = Task.m; path = ../Task.m; sourceTree = "<group>"; };
		87C803751A2EA4380010DCB4 /* FadeMessageView.h */ = {isa = PBXFileReference; fileEncoding = 4; lastKnownFileType = sourcecode.c.h; path = FadeMessageView.h; sourceTree = "<group>"; };
		87C803761A2EA4380010DCB4 /* FadeMessageView.m */ = {isa = PBXFileReference; fileEncoding = 4; lastKnownFileType = sourcecode.c.objc; path = FadeMessageView.m; sourceTree = "<group>"; };
		87E1262F1A4264DD00742FF6 /* PaddingLabel.h */ = {isa = PBXFileReference; fileEncoding = 4; lastKnownFileType = sourcecode.c.h; path = PaddingLabel.h; sourceTree = "<group>"; };
		87E126301A4264DD00742FF6 /* PaddingLabel.m */ = {isa = PBXFileReference; fileEncoding = 4; lastKnownFileType = sourcecode.c.objc; path = PaddingLabel.m; sourceTree = "<group>"; };
		87EB340F1A256EA600883FF8 /* DailyTaskManager.app */ = {isa = PBXFileReference; explicitFileType = wrapper.application; includeInIndex = 0; path = DailyTaskManager.app; sourceTree = BUILT_PRODUCTS_DIR; };
		87EB34131A256EA600883FF8 /* Info.plist */ = {isa = PBXFileReference; lastKnownFileType = text.plist.xml; path = Info.plist; sourceTree = "<group>"; };
		87EB34141A256EA600883FF8 /* main.m */ = {isa = PBXFileReference; lastKnownFileType = sourcecode.c.objc; path = main.m; sourceTree = "<group>"; };
		87EB34161A256EA600883FF8 /* AppDelegate.h */ = {isa = PBXFileReference; lastKnownFileType = sourcecode.c.h; path = AppDelegate.h; sourceTree = "<group>"; };
		87EB34171A256EA600883FF8 /* AppDelegate.m */ = {isa = PBXFileReference; lastKnownFileType = sourcecode.c.objc; path = AppDelegate.m; sourceTree = "<group>"; };
		87EB341A1A256EA700883FF8 /* DailyTaskManager.xcdatamodel */ = {isa = PBXFileReference; lastKnownFileType = wrapper.xcdatamodel; path = DailyTaskManager.xcdatamodel; sourceTree = "<group>"; };
		87EB34201A256EA700883FF8 /* Base */ = {isa = PBXFileReference; lastKnownFileType = file.storyboard; name = Base; path = Base.lproj/Main.storyboard; sourceTree = "<group>"; };
		87EB34221A256EA700883FF8 /* Images.xcassets */ = {isa = PBXFileReference; lastKnownFileType = folder.assetcatalog; path = Images.xcassets; sourceTree = "<group>"; };
		87EB34251A256EA700883FF8 /* Base */ = {isa = PBXFileReference; lastKnownFileType = file.xib; name = Base; path = Base.lproj/LaunchScreen.xib; sourceTree = "<group>"; };
		87EB342B1A256EA700883FF8 /* DailyTaskManagerTests.xctest */ = {isa = PBXFileReference; explicitFileType = wrapper.cfbundle; includeInIndex = 0; path = DailyTaskManagerTests.xctest; sourceTree = BUILT_PRODUCTS_DIR; };
		87EB34301A256EA700883FF8 /* Info.plist */ = {isa = PBXFileReference; lastKnownFileType = text.plist.xml; path = Info.plist; sourceTree = "<group>"; };
		87EB34311A256EA700883FF8 /* DailyTaskManagerTests.m */ = {isa = PBXFileReference; lastKnownFileType = sourcecode.c.objc; path = DailyTaskManagerTests.m; sourceTree = "<group>"; };
		87EB343B1A2570CF00883FF8 /* TaskListTableViewController.h */ = {isa = PBXFileReference; fileEncoding = 4; lastKnownFileType = sourcecode.c.h; path = TaskListTableViewController.h; sourceTree = "<group>"; };
		87EB343C1A2570CF00883FF8 /* TaskListTableViewController.m */ = {isa = PBXFileReference; fileEncoding = 4; lastKnownFileType = sourcecode.c.objc; path = TaskListTableViewController.m; sourceTree = "<group>"; };
		87EB34451A25740400883FF8 /* ArrayDataSource.h */ = {isa = PBXFileReference; fileEncoding = 4; lastKnownFileType = sourcecode.c.h; path = ArrayDataSource.h; sourceTree = "<group>"; };
		87EB34461A25740400883FF8 /* ArrayDataSource.m */ = {isa = PBXFileReference; fileEncoding = 4; lastKnownFileType = sourcecode.c.objc; path = ArrayDataSource.m; sourceTree = "<group>"; };
		87EB34511A26BFEB00883FF8 /* TaskDetailTableViewController.h */ = {isa = PBXFileReference; fileEncoding = 4; lastKnownFileType = sourcecode.c.h; path = TaskDetailTableViewController.h; sourceTree = "<group>"; };
		87EB34521A26BFEB00883FF8 /* TaskDetailTableViewController.m */ = {isa = PBXFileReference; fileEncoding = 4; lastKnownFileType = sourcecode.c.objc; path = TaskDetailTableViewController.m; sourceTree = "<group>"; };
/* End PBXFileReference section */

/* Begin PBXFrameworksBuildPhase section */
		87EB340C1A256EA600883FF8 /* Frameworks */ = {
			isa = PBXFrameworksBuildPhase;
			buildActionMask = 2147483647;
			files = (
			);
			runOnlyForDeploymentPostprocessing = 0;
		};
		87EB34281A256EA700883FF8 /* Frameworks */ = {
			isa = PBXFrameworksBuildPhase;
			buildActionMask = 2147483647;
			files = (
			);
			runOnlyForDeploymentPostprocessing = 0;
		};
/* End PBXFrameworksBuildPhase section */

/* Begin PBXGroup section */
		875EC9AF1A2B4B0B00F194E2 /* Managed Objects */ = {
			isa = PBXGroup;
			children = (
				87BD91411A3C5ED6008A6664 /* Task.h */,
				87BD91421A3C5ED6008A6664 /* Task.m */,
			);
			name = "Managed Objects";
			sourceTree = "<group>";
		};
		87EB34061A256EA600883FF8 = {
			isa = PBXGroup;
			children = (
				87EB34111A256EA600883FF8 /* DailyTaskManager */,
				87EB342E1A256EA700883FF8 /* DailyTaskManagerTests */,
				87EB34101A256EA600883FF8 /* Products */,
			);
			sourceTree = "<group>";
		};
		87EB34101A256EA600883FF8 /* Products */ = {
			isa = PBXGroup;
			children = (
				87EB340F1A256EA600883FF8 /* DailyTaskManager.app */,
				87EB342B1A256EA700883FF8 /* DailyTaskManagerTests.xctest */,
			);
			name = Products;
			sourceTree = "<group>";
		};
		87EB34111A256EA600883FF8 /* DailyTaskManager */ = {
			isa = PBXGroup;
			children = (
				87EB34401A25710500883FF8 /* Controller */,
				87EB343F1A2570F700883FF8 /* View */,
				87EB343E1A2570EC00883FF8 /* Model */,
				87EB34411A25710D00883FF8 /* Helper */,
				87EB34431A25735700883FF8 /* Resources */,
				87EB34121A256EA600883FF8 /* Supporting Files */,
			);
			path = DailyTaskManager;
			sourceTree = "<group>";
		};
		87EB34121A256EA600883FF8 /* Supporting Files */ = {
			isa = PBXGroup;
			children = (
				87EB341F1A256EA700883FF8 /* Main.storyboard */,
				87EB34241A256EA700883FF8 /* LaunchScreen.xib */,
				87EB34131A256EA600883FF8 /* Info.plist */,
				87EB34141A256EA600883FF8 /* main.m */,
			);
			name = "Supporting Files";
			sourceTree = "<group>";
		};
		87EB342E1A256EA700883FF8 /* DailyTaskManagerTests */ = {
			isa = PBXGroup;
			children = (
				87EB34311A256EA700883FF8 /* DailyTaskManagerTests.m */,
				87EB342F1A256EA700883FF8 /* Supporting Files */,
			);
			path = DailyTaskManagerTests;
			sourceTree = "<group>";
		};
		87EB342F1A256EA700883FF8 /* Supporting Files */ = {
			isa = PBXGroup;
			children = (
				87EB34301A256EA700883FF8 /* Info.plist */,
			);
			name = "Supporting Files";
			sourceTree = "<group>";
		};
		87EB343E1A2570EC00883FF8 /* Model */ = {
			isa = PBXGroup;
			children = (
				875EC9AF1A2B4B0B00F194E2 /* Managed Objects */,
				875EC9B31A2B4C6A00F194E2 /* Task+Management.h */,
				875EC9B41A2B4C6A00F194E2 /* Task+Management.m */,
				875EC9A31A296F9C00F194E2 /* PersistentStack.h */,
				875EC9A41A296F9C00F194E2 /* PersistentStack.m */,
				875EC9AC1A2A169700F194E2 /* Store.h */,
				875EC9AD1A2A169700F194E2 /* Store.m */,
				87EB34191A256EA700883FF8 /* DailyTaskManager.xcdatamodeld */,
			);
			name = Model;
			sourceTree = "<group>";
		};
		87EB343F1A2570F700883FF8 /* View */ = {
			isa = PBXGroup;
			children = (
				87C803751A2EA4380010DCB4 /* FadeMessageView.h */,
				87C803761A2EA4380010DCB4 /* FadeMessageView.m */,
				87B7D50D1A390A4100505365 /* TaskCheckBoxView.h */,
				87B7D50E1A390A4100505365 /* TaskCheckBoxView.m */,
			);
			name = View;
			sourceTree = "<group>";
		};
		87EB34401A25710500883FF8 /* Controller */ = {
			isa = PBXGroup;
			children = (
				87EB34421A2571EE00883FF8 /* AppDelegate */,
				87EB34441A2573B100883FF8 /* TaskList */,
				87EB34541A26BFF100883FF8 /* TaskDetail */,
			);
			name = Controller;
			sourceTree = "<group>";
		};
		87EB34411A25710D00883FF8 /* Helper */ = {
			isa = PBXGroup;
			children = (
				87EB34451A25740400883FF8 /* ArrayDataSource.h */,
				87EB34461A25740400883FF8 /* ArrayDataSource.m */,
				875EC9A61A2A098A00F194E2 /* FetchedResultsControllerDataSource.h */,
				875EC9A71A2A098A00F194E2 /* FetchedResultsControllerDataSource.m */,
				87E1262F1A4264DD00742FF6 /* PaddingLabel.h */,
				87E126301A4264DD00742FF6 /* PaddingLabel.m */,
			);
			name = Helper;
			sourceTree = "<group>";
		};
		87EB34421A2571EE00883FF8 /* AppDelegate */ = {
			isa = PBXGroup;
			children = (
				87EB34161A256EA600883FF8 /* AppDelegate.h */,
				87EB34171A256EA600883FF8 /* AppDelegate.m */,
			);
			name = AppDelegate;
			sourceTree = "<group>";
		};
		87EB34431A25735700883FF8 /* Resources */ = {
			isa = PBXGroup;
			children = (
				87EB34221A256EA700883FF8 /* Images.xcassets */,
			);
			name = Resources;
			sourceTree = "<group>";
		};
		87EB34441A2573B100883FF8 /* TaskList */ = {
			isa = PBXGroup;
			children = (
				87EB343B1A2570CF00883FF8 /* TaskListTableViewController.h */,
				87EB343C1A2570CF00883FF8 /* TaskListTableViewController.m */,
				87B7D5101A390DD000505365 /* TaskTableViewCell.h */,
				87B7D5111A390DD000505365 /* TaskTableViewCell.m */,
			);
			name = TaskList;
			sourceTree = "<group>";
		};
		87EB34541A26BFF100883FF8 /* TaskDetail */ = {
			isa = PBXGroup;
			children = (
				87EB34511A26BFEB00883FF8 /* TaskDetailTableViewController.h */,
				87EB34521A26BFEB00883FF8 /* TaskDetailTableViewController.m */,
			);
			name = TaskDetail;
			sourceTree = "<group>";
		};
/* End PBXGroup section */

/* Begin PBXNativeTarget section */
		87EB340E1A256EA600883FF8 /* DailyTaskManager */ = {
			isa = PBXNativeTarget;
			buildConfigurationList = 87EB34351A256EA700883FF8 /* Build configuration list for PBXNativeTarget "DailyTaskManager" */;
			buildPhases = (
				87EB340B1A256EA600883FF8 /* Sources */,
				87EB340C1A256EA600883FF8 /* Frameworks */,
				87EB340D1A256EA600883FF8 /* Resources */,
			);
			buildRules = (
			);
			dependencies = (
			);
			name = DailyTaskManager;
			productName = DailyTaskManager;
			productReference = 87EB340F1A256EA600883FF8 /* DailyTaskManager.app */;
			productType = "com.apple.product-type.application";
		};
		87EB342A1A256EA700883FF8 /* DailyTaskManagerTests */ = {
			isa = PBXNativeTarget;
			buildConfigurationList = 87EB34381A256EA700883FF8 /* Build configuration list for PBXNativeTarget "DailyTaskManagerTests" */;
			buildPhases = (
				87EB34271A256EA700883FF8 /* Sources */,
				87EB34281A256EA700883FF8 /* Frameworks */,
				87EB34291A256EA700883FF8 /* Resources */,
			);
			buildRules = (
			);
			dependencies = (
				87EB342D1A256EA700883FF8 /* PBXTargetDependency */,
			);
			name = DailyTaskManagerTests;
			productName = DailyTaskManagerTests;
			productReference = 87EB342B1A256EA700883FF8 /* DailyTaskManagerTests.xctest */;
			productType = "com.apple.product-type.bundle.unit-test";
		};
/* End PBXNativeTarget section */

/* Begin PBXProject section */
		87EB34071A256EA600883FF8 /* Project object */ = {
			isa = PBXProject;
			attributes = {
				LastUpgradeCheck = 0610;
				ORGANIZATIONNAME = Mobistart;
				TargetAttributes = {
					87EB340E1A256EA600883FF8 = {
						CreatedOnToolsVersion = 6.1;
					};
					87EB342A1A256EA700883FF8 = {
						CreatedOnToolsVersion = 6.1;
						TestTargetID = 87EB340E1A256EA600883FF8;
					};
				};
			};
			buildConfigurationList = 87EB340A1A256EA600883FF8 /* Build configuration list for PBXProject "DailyTaskManager" */;
			compatibilityVersion = "Xcode 3.2";
			developmentRegion = English;
			hasScannedForEncodings = 0;
			knownRegions = (
				en,
				Base,
			);
			mainGroup = 87EB34061A256EA600883FF8;
			productRefGroup = 87EB34101A256EA600883FF8 /* Products */;
			projectDirPath = "";
			projectRoot = "";
			targets = (
				87EB340E1A256EA600883FF8 /* DailyTaskManager */,
				87EB342A1A256EA700883FF8 /* DailyTaskManagerTests */,
			);
		};
/* End PBXProject section */

/* Begin PBXResourcesBuildPhase section */
		87EB340D1A256EA600883FF8 /* Resources */ = {
			isa = PBXResourcesBuildPhase;
			buildActionMask = 2147483647;
			files = (
				87EB34211A256EA700883FF8 /* Main.storyboard in Resources */,
				87EB34261A256EA700883FF8 /* LaunchScreen.xib in Resources */,
				87EB34231A256EA700883FF8 /* Images.xcassets in Resources */,
			);
			runOnlyForDeploymentPostprocessing = 0;
		};
		87EB34291A256EA700883FF8 /* Resources */ = {
			isa = PBXResourcesBuildPhase;
			buildActionMask = 2147483647;
			files = (
			);
			runOnlyForDeploymentPostprocessing = 0;
		};
/* End PBXResourcesBuildPhase section */

/* Begin PBXSourcesBuildPhase section */
		87EB340B1A256EA600883FF8 /* Sources */ = {
			isa = PBXSourcesBuildPhase;
			buildActionMask = 2147483647;
			files = (
				87BD91431A3C5ED6008A6664 /* Task.m in Sources */,
				87C803771A2EA4380010DCB4 /* FadeMessageView.m in Sources */,
				875EC9A51A296F9C00F194E2 /* PersistentStack.m in Sources */,
				87B7D5121A390DD000505365 /* TaskTableViewCell.m in Sources */,
				87E126311A4264DD00742FF6 /* PaddingLabel.m in Sources */,
				87EB34181A256EA600883FF8 /* AppDelegate.m in Sources */,
				87EB34151A256EA600883FF8 /* main.m in Sources */,
				875EC9B51A2B4C6A00F194E2 /* Task+Management.m in Sources */,
				87EB343D1A2570CF00883FF8 /* TaskListTableViewController.m in Sources */,
				87B7D50F1A390A4100505365 /* TaskCheckBoxView.m in Sources */,
				87EB34471A25740400883FF8 /* ArrayDataSource.m in Sources */,
				875EC9A81A2A098A00F194E2 /* FetchedResultsControllerDataSource.m in Sources */,
				875EC9AE1A2A169700F194E2 /* Store.m in Sources */,
				87EB341B1A256EA700883FF8 /* DailyTaskManager.xcdatamodeld in Sources */,
				87EB34531A26BFEB00883FF8 /* TaskDetailTableViewController.m in Sources */,
			);
			runOnlyForDeploymentPostprocessing = 0;
		};
		87EB34271A256EA700883FF8 /* Sources */ = {
			isa = PBXSourcesBuildPhase;
			buildActionMask = 2147483647;
			files = (
				87EB34321A256EA700883FF8 /* DailyTaskManagerTests.m in Sources */,
			);
			runOnlyForDeploymentPostprocessing = 0;
		};
/* End PBXSourcesBuildPhase section */

/* Begin PBXTargetDependency section */
		87EB342D1A256EA700883FF8 /* PBXTargetDependency */ = {
			isa = PBXTargetDependency;
			target = 87EB340E1A256EA600883FF8 /* DailyTaskManager */;
			targetProxy = 87EB342C1A256EA700883FF8 /* PBXContainerItemProxy */;
		};
/* End PBXTargetDependency section */

/* Begin PBXVariantGroup section */
		87EB341F1A256EA700883FF8 /* Main.storyboard */ = {
			isa = PBXVariantGroup;
			children = (
				87EB34201A256EA700883FF8 /* Base */,
			);
			name = Main.storyboard;
			sourceTree = "<group>";
		};
		87EB34241A256EA700883FF8 /* LaunchScreen.xib */ = {
			isa = PBXVariantGroup;
			children = (
				87EB34251A256EA700883FF8 /* Base */,
			);
			name = LaunchScreen.xib;
			sourceTree = "<group>";
		};
/* End PBXVariantGroup section */

/* Begin XCBuildConfiguration section */
		87EB34331A256EA700883FF8 /* Debug */ = {
			isa = XCBuildConfiguration;
			buildSettings = {
				ALWAYS_SEARCH_USER_PATHS = NO;
				CLANG_CXX_LANGUAGE_STANDARD = "gnu++0x";
				CLANG_CXX_LIBRARY = "libc++";
				CLANG_ENABLE_MODULES = YES;
				CLANG_ENABLE_OBJC_ARC = YES;
				CLANG_WARN_BOOL_CONVERSION = YES;
				CLANG_WARN_CONSTANT_CONVERSION = YES;
				CLANG_WARN_DIRECT_OBJC_ISA_USAGE = YES_ERROR;
				CLANG_WARN_EMPTY_BODY = YES;
				CLANG_WARN_ENUM_CONVERSION = YES;
				CLANG_WARN_INT_CONVERSION = YES;
				CLANG_WARN_OBJC_ROOT_CLASS = YES_ERROR;
				CLANG_WARN_UNREACHABLE_CODE = YES;
				CLANG_WARN__DUPLICATE_METHOD_MATCH = YES;
				"CODE_SIGN_IDENTITY[sdk=iphoneos*]" = "iPhone Developer";
				COPY_PHASE_STRIP = NO;
				ENABLE_STRICT_OBJC_MSGSEND = YES;
				GCC_C_LANGUAGE_STANDARD = gnu99;
				GCC_DYNAMIC_NO_PIC = NO;
				GCC_OPTIMIZATION_LEVEL = 0;
				GCC_PREPROCESSOR_DEFINITIONS = (
					"DEBUG=1",
					"$(inherited)",
				);
				GCC_SYMBOLS_PRIVATE_EXTERN = NO;
				GCC_WARN_64_TO_32_BIT_CONVERSION = YES;
				GCC_WARN_ABOUT_RETURN_TYPE = YES_ERROR;
				GCC_WARN_UNDECLARED_SELECTOR = YES;
				GCC_WARN_UNINITIALIZED_AUTOS = YES_AGGRESSIVE;
				GCC_WARN_UNUSED_FUNCTION = YES;
				GCC_WARN_UNUSED_VARIABLE = YES;
				IPHONEOS_DEPLOYMENT_TARGET = 8.1;
				MTL_ENABLE_DEBUG_INFO = YES;
				ONLY_ACTIVE_ARCH = YES;
				SDKROOT = iphoneos;
			};
			name = Debug;
		};
		87EB34341A256EA700883FF8 /* Release */ = {
			isa = XCBuildConfiguration;
			buildSettings = {
				ALWAYS_SEARCH_USER_PATHS = NO;
				CLANG_CXX_LANGUAGE_STANDARD = "gnu++0x";
				CLANG_CXX_LIBRARY = "libc++";
				CLANG_ENABLE_MODULES = YES;
				CLANG_ENABLE_OBJC_ARC = YES;
				CLANG_WARN_BOOL_CONVERSION = YES;
				CLANG_WARN_CONSTANT_CONVERSION = YES;
				CLANG_WARN_DIRECT_OBJC_ISA_USAGE = YES_ERROR;
				CLANG_WARN_EMPTY_BODY = YES;
				CLANG_WARN_ENUM_CONVERSION = YES;
				CLANG_WARN_INT_CONVERSION = YES;
				CLANG_WARN_OBJC_ROOT_CLASS = YES_ERROR;
				CLANG_WARN_UNREACHABLE_CODE = YES;
				CLANG_WARN__DUPLICATE_METHOD_MATCH = YES;
				"CODE_SIGN_IDENTITY[sdk=iphoneos*]" = "iPhone Developer";
				COPY_PHASE_STRIP = YES;
				ENABLE_NS_ASSERTIONS = NO;
				ENABLE_STRICT_OBJC_MSGSEND = YES;
				GCC_C_LANGUAGE_STANDARD = gnu99;
				GCC_WARN_64_TO_32_BIT_CONVERSION = YES;
				GCC_WARN_ABOUT_RETURN_TYPE = YES_ERROR;
				GCC_WARN_UNDECLARED_SELECTOR = YES;
				GCC_WARN_UNINITIALIZED_AUTOS = YES_AGGRESSIVE;
				GCC_WARN_UNUSED_FUNCTION = YES;
				GCC_WARN_UNUSED_VARIABLE = YES;
				IPHONEOS_DEPLOYMENT_TARGET = 8.1;
				MTL_ENABLE_DEBUG_INFO = NO;
				SDKROOT = iphoneos;
				VALIDATE_PRODUCT = YES;
			};
			name = Release;
		};
		87EB34361A256EA700883FF8 /* Debug */ = {
			isa = XCBuildConfiguration;
			buildSettings = {
				ASSETCATALOG_COMPILER_APPICON_NAME = AppIcon;
				INFOPLIST_FILE = DailyTaskManager/Info.plist;
				LD_RUNPATH_SEARCH_PATHS = "$(inherited) @executable_path/Frameworks";
				PRODUCT_NAME = "$(TARGET_NAME)";
			};
			name = Debug;
		};
		87EB34371A256EA700883FF8 /* Release */ = {
			isa = XCBuildConfiguration;
			buildSettings = {
				ASSETCATALOG_COMPILER_APPICON_NAME = AppIcon;
				INFOPLIST_FILE = DailyTaskManager/Info.plist;
				LD_RUNPATH_SEARCH_PATHS = "$(inherited) @executable_path/Frameworks";
				PRODUCT_NAME = "$(TARGET_NAME)";
			};
			name = Release;
		};
		87EB34391A256EA700883FF8 /* Debug */ = {
			isa = XCBuildConfiguration;
			buildSettings = {
				BUNDLE_LOADER = "$(TEST_HOST)";
				FRAMEWORK_SEARCH_PATHS = (
					"$(SDKROOT)/Developer/Library/Frameworks",
					"$(inherited)",
				);
				GCC_PREPROCESSOR_DEFINITIONS = (
					"DEBUG=1",
					"$(inherited)",
				);
				INFOPLIST_FILE = DailyTaskManagerTests/Info.plist;
				LD_RUNPATH_SEARCH_PATHS = "$(inherited) @executable_path/Frameworks @loader_path/Frameworks";
				PRODUCT_NAME = "$(TARGET_NAME)";
				TEST_HOST = "$(BUILT_PRODUCTS_DIR)/DailyTaskManager.app/DailyTaskManager";
			};
			name = Debug;
		};
		87EB343A1A256EA700883FF8 /* Release */ = {
			isa = XCBuildConfiguration;
			buildSettings = {
				BUNDLE_LOADER = "$(TEST_HOST)";
				FRAMEWORK_SEARCH_PATHS = (
					"$(SDKROOT)/Developer/Library/Frameworks",
					"$(inherited)",
				);
				INFOPLIST_FILE = DailyTaskManagerTests/Info.plist;
				LD_RUNPATH_SEARCH_PATHS = "$(inherited) @executable_path/Frameworks @loader_path/Frameworks";
				PRODUCT_NAME = "$(TARGET_NAME)";
				TEST_HOST = "$(BUILT_PRODUCTS_DIR)/DailyTaskManager.app/DailyTaskManager";
			};
			name = Release;
		};
/* End XCBuildConfiguration section */

/* Begin XCConfigurationList section */
		87EB340A1A256EA600883FF8 /* Build configuration list for PBXProject "DailyTaskManager" */ = {
			isa = XCConfigurationList;
			buildConfigurations = (
				87EB34331A256EA700883FF8 /* Debug */,
				87EB34341A256EA700883FF8 /* Release */,
			);
			defaultConfigurationIsVisible = 0;
			defaultConfigurationName = Release;
		};
		87EB34351A256EA700883FF8 /* Build configuration list for PBXNativeTarget "DailyTaskManager" */ = {
			isa = XCConfigurationList;
			buildConfigurations = (
				87EB34361A256EA700883FF8 /* Debug */,
				87EB34371A256EA700883FF8 /* Release */,
			);
			defaultConfigurationIsVisible = 0;
			defaultConfigurationName = Release;
		};
		87EB34381A256EA700883FF8 /* Build configuration list for PBXNativeTarget "DailyTaskManagerTests" */ = {
			isa = XCConfigurationList;
			buildConfigurations = (
				87EB34391A256EA700883FF8 /* Debug */,
				87EB343A1A256EA700883FF8 /* Release */,
			);
			defaultConfigurationIsVisible = 0;
			defaultConfigurationName = Release;
		};
/* End XCConfigurationList section */

/* Begin XCVersionGroup section */
		87EB34191A256EA700883FF8 /* DailyTaskManager.xcdatamodeld */ = {
			isa = XCVersionGroup;
			children = (
				87EB341A1A256EA700883FF8 /* DailyTaskManager.xcdatamodel */,
			);
			currentVersion = 87EB341A1A256EA700883FF8 /* DailyTaskManager.xcdatamodel */;
			path = DailyTaskManager.xcdatamodeld;
			sourceTree = "<group>";
			versionGroupType = wrapper.xcdatamodel;
		};
/* End XCVersionGroup section */
	};
	rootObject = 87EB34071A256EA600883FF8 /* Project object */;
}
